# THIS IS AN AUTOGENERATED FILE. DO NOT EDIT THIS FILE DIRECTLY.
# yarn lockfile v1


"@alekseyleshko/foo@^1.2.0":
  version "1.2.0"
  resolved "https://registry.npmjs.org/@alekseyleshko/foo/-/foo-1.2.0.tgz#0e575674502c6746591d05ffc6af8ef5ade6c01b"
  integrity sha512-lZwRcark3QiWoUjvjfaXZLmJxY0Fgxkt/rqngXbQZMxNM875MzAnS+nudUL2G4m5nQirN/QNGGj2mhFEhV5wkw==
